
Microsoft Visual Studio Solution File, Format Version 12.00
# Visual Studio Version 16
VisualStudioVersion = 16.0.31402.337
MinimumVisualStudioVersion = 10.0.40219.1
Project("{FAE04EC0-301F-11D3-BF4B-00C04F79EFBC}") = "BiggSchool", "BiggSchool\BiggSchool.csproj", "{457DBDA0-2BFC-4354-9C0B-91B94E605417}"
EndProject
Global
	GlobalSection(SolutionConfigurationPlatforms) = preSolution
		Debug|Any CPU = Debug|Any CPU
		Release|Any CPU = Release|Any CPU
	EndGlobalSection
	GlobalSection(ProjectConfigurationPlatforms) = postSolution
		{457DBDA0-2BFC-4354-9C0B-91B94E605417}.Debug|Any CPU.ActiveCfg = Debug|Any CPU
		{457DBDA0-2BFC-4354-9C0B-91B94E605417}.Debug|Any CPU.Build.0 = Debug|Any CPU
		{457DBDA0-2BFC-4354-9C0B-91B94E605417}.Release|Any CPU.ActiveCfg = Release|Any CPU
		{457DBDA0-2BFC-4354-9C0B-91B94E605417}.Release|Any CPU.Build.0 = Release|Any CPU
	EndGlobalSection
	GlobalSection(SolutionProperties) = preSolution
		HideSolutionNode = FALSE
	EndGlobalSection
	GlobalSection(ExtensibilityGlobals) = postSolution
		SolutionGuid = {312ABD20-AEA0-4EB4-BB47-FAD180B78E73}
	EndGlobalSection
EndGlobal
